<Solution>
  <Folder Name="/Tests/">
    <Project Path="Tests/CommonVisionNodes.Test/CommonVisionNodes.Test.csproj" Id="0ae627a9-0750-4b2f-a68c-e458f03f75e4" />
  </Folder>
  <Project Path="CommonVisionNodes.Contracts/CommonVisionNodes.Contracts.csproj" />
  <Project Path="CommonVisionNodes.Runtime/CommonVisionNodes.Runtime.csproj" Id="86546a22-b176-4728-9c66-47910c08e003" />
  <Project Path="CommonVisionNodes.Server/CommonVisionNodes.Server.csproj" />
  <Project Path="CommonVisionNodesUI/CommonVisionNodesUI.csproj" />
</Solution>
